
Microsoft Visual Studio Solution File, Format Version 12.00
# Visual Studio Version 16
VisualStudioVersion = 16.0.30204.135
MinimumVisualStudioVersion = 10.0.40219.1
Project("{9A19103F-16F7-4668-BE54-9A1E7A4F7556}") = "EconomyGraph", "EconomyGraph\EconomyGraph.csproj", "{E4AE9350-A9E1-447B-9D6B-9037E1640847}"
EndProject
Project("{9A19103F-16F7-4668-BE54-9A1E7A4F7556}") = "EconomyGraphTest", "EconomyGraphTest\EconomyGraphTest\EconomyGraphTest\EconomyGraphTest.csproj", "{6A84011C-8ED0-4AD7-9069-CB729587C00E}"
EndProject
Project("{FAE04EC0-301F-11D3-BF4B-00C04F79EFBC}") = "EconomyGraphTest.Android", "EconomyGraphTest\EconomyGraphTest\EconomyGraphTest.Android\EconomyGraphTest.Android.csproj", "{C41EBE00-5DA3-43BD-8A90-7B8D2D5E0406}"
EndProject
Project("{FAE04EC0-301F-11D3-BF4B-00C04F79EFBC}") = "EconomyGraphTest.iOS", "EconomyGraphTest\EconomyGraphTest\EconomyGraphTest.iOS\EconomyGraphTest.iOS.csproj", "{F3C8DDB4-FF39-458B-BED3-FD2387CC0520}"
EndProject
Project("{FAE04EC0-301F-11D3-BF4B-00C04F79EFBC}") = "EconomyGraphTest.UWP", "EconomyGraphTest\EconomyGraphTest\EconomyGraphTest.UWP\EconomyGraphTest.UWP.csproj", "{7EE1F7D8-907A-4F25-A6EC-8AE822BFB838}"
EndProject
Global
	GlobalSection(SolutionConfigurationPlatforms) = preSolution
		Debug|Any CPU = Debug|Any CPU
		Debug|ARM = Debug|ARM
		Debug|iPhone = Debug|iPhone
		Debug|iPhoneSimulator = Debug|iPhoneSimulator
		Debug|x64 = Debug|x64
		Debug|x86 = Debug|x86
		Release|Any CPU = Release|Any CPU
		Release|ARM = Release|ARM
		Release|iPhone = Release|iPhone
		Release|iPhoneSimulator = Release|iPhoneSimulator
		Release|x64 = Release|x64
		Release|x86 = Release|x86
	EndGlobalSection
	GlobalSection(ProjectConfigurationPlatforms) = postSolution
		{E4AE9350-A9E1-447B-9D6B-9037E1640847}.Debug|Any CPU.ActiveCfg = Debug|Any CPU
		{E4AE9350-A9E1-447B-9D6B-9037E1640847}.Debug|Any CPU.Build.0 = Debug|Any CPU
		{E4AE9350-A9E1-447B-9D6B-9037E1640847}.Debug|ARM.ActiveCfg = Debug|Any CPU
		{E4AE9350-A9E1-447B-9D6B-9037E1640847}.Debug|ARM.Build.0 = Debug|Any CPU
		{E4AE9350-A9E1-447B-9D6B-9037E1640847}.Debug|iPhone.ActiveCfg = Debug|Any CPU
		{E4AE9350-A9E1-447B-9D6B-9037E1640847}.Debug|iPhone.Build.0 = Debug|Any CPU
		{E4AE9350-A9E1-447B-9D6B-9037E1640847}.Debug|iPhoneSimulator.ActiveCfg = Debug|Any CPU
		{E4AE9350-A9E1-447B-9D6B-9037E1640847}.Debug|iPhoneSimulator.Build.0 = Debug|Any CPU
		{E4AE9350-A9E1-447B-9D6B-9037E1640847}.Debug|x64.ActiveCfg = Debug|Any CPU
		{E4AE9350-A9E1-447B-9D6B-9037E1640847}.Debug|x64.Build.0 = Debug|Any CPU
		{E4AE9350-A9E1-447B-9D6B-9037E1640847}.Debug|x86.ActiveCfg = Debug|Any CPU
		{E4AE9350-A9E1-447B-9D6B-9037E1640847}.Debug|x86.Build.0 = Debug|Any CPU
		{E4AE9350-A9E1-447B-9D6B-9037E1640847}.Release|Any CPU.ActiveCfg = Release|Any CPU
		{E4AE9350-A9E1-447B-9D6B-9037E1640847}.Release|Any CPU.Build.0 = Release|Any CPU
		{E4AE9350-A9E1-447B-9D6B-9037E1640847}.Release|ARM.ActiveCfg = Release|Any CPU
		{E4AE9350-A9E1-447B-9D6B-9037E1640847}.Release|ARM.Build.0 = Release|Any CPU
		{E4AE9350-A9E1-447B-9D6B-9037E1640847}.Release|iPhone.ActiveCfg = Release|Any CPU
		{E4AE9350-A9E1-447B-9D6B-9037E1640847}.Release|iPhone.Build.0 = Release|Any CPU
		{E4AE9350-A9E1-447B-9D6B-9037E1640847}.Release|iPhoneSimulator.ActiveCfg = Release|Any CPU
		{E4AE9350-A9E1-447B-9D6B-9037E1640847}.Release|iPhoneSimulator.Build.0 = Release|Any CPU
		{E4AE9350-A9E1-447B-9D6B-9037E1640847}.Release|x64.ActiveCfg = Release|Any CPU
		{E4AE9350-A9E1-447B-9D6B-9037E1640847}.Release|x64.Build.0 = Release|Any CPU
		{E4AE9350-A9E1-447B-9D6B-9037E1640847}.Release|x86.ActiveCfg = Release|Any CPU
		{E4AE9350-A9E1-447B-9D6B-9037E1640847}.Release|x86.Build.0 = Release|Any CPU
		{6A84011C-8ED0-4AD7-9069-CB729587C00E}.Debug|Any CPU.ActiveCfg = Debug|Any CPU
		{6A84011C-8ED0-4AD7-9069-CB729587C00E}.Debug|Any CPU.Build.0 = Debug|Any CPU
		{6A84011C-8ED0-4AD7-9069-CB729587C00E}.Debug|ARM.ActiveCfg = Debug|Any CPU
		{6A84011C-8ED0-4AD7-9069-CB729587C00E}.Debug|ARM.Build.0 = Debug|Any CPU
		{6A84011C-8ED0-4AD7-9069-CB729587C00E}.Debug|iPhone.ActiveCfg = Debug|Any CPU
		{6A84011C-8ED0-4AD7-9069-CB729587C00E}.Debug|iPhone.Build.0 = Debug|Any CPU
		{6A84011C-8ED0-4AD7-9069-CB729587C00E}.Debug|iPhoneSimulator.ActiveCfg = Debug|Any CPU
		{6A84011C-8ED0-4AD7-9069-CB729587C00E}.Debug|iPhoneSimulator.Build.0 = Debug|Any CPU
		{6A84011C-8ED0-4AD7-9069-CB729587C00E}.Debug|x64.ActiveCfg = Debug|Any CPU
		{6A84011C-8ED0-4AD7-9069-CB729587C00E}.Debug|x64.Build.0 = Debug|Any CPU
		{6A84011C-8ED0-4AD7-9069-CB729587C00E}.Debug|x86.ActiveCfg = Debug|Any CPU
		{6A84011C-8ED0-4AD7-9069-CB729587C00E}.Debug|x86.Build.0 = Debug|Any CPU
		{6A84011C-8ED0-4AD7-9069-CB729587C00E}.Release|Any CPU.ActiveCfg = Release|Any CPU
		{6A84011C-8ED0-4AD7-9069-CB729587C00E}.Release|Any CPU.Build.0 = Release|Any CPU
		{6A84011C-8ED0-4AD7-9069-CB729587C00E}.Release|ARM.ActiveCfg = Release|Any CPU
		{6A84011C-8ED0-4AD7-9069-CB729587C00E}.Release|ARM.Build.0 = Release|Any CPU
		{6A84011C-8ED0-4AD7-9069-CB729587C00E}.Release|iPhone.ActiveCfg = Release|Any CPU
		{6A84011C-8ED0-4AD7-9069-CB729587C00E}.Release|iPhone.Build.0 = Release|Any CPU
		{6A84011C-8ED0-4AD7-9069-CB729587C00E}.Release|iPhoneSimulator.ActiveCfg = Release|Any CPU
		{6A84011C-8ED0-4AD7-9069-CB729587C00E}.Release|iPhoneSimulator.Build.0 = Release|Any CPU
		{6A84011C-8ED0-4AD7-9069-CB729587C00E}.Release|x64.ActiveCfg = Release|Any CPU
		{6A84011C-8ED0-4AD7-9069-CB729587C00E}.Release|x64.Build.0 = Release|Any CPU
		{6A84011C-8ED0-4AD7-9069-CB729587C00E}.Release|x86.ActiveCfg = Release|Any CPU
		{6A84011C-8ED0-4AD7-9069-CB729587C00E}.Release|x86.Build.0 = Release|Any CPU
		{C41EBE00-5DA3-43BD-8A90-7B8D2D5E0406}.Debug|Any CPU.ActiveCfg = Debug|Any CPU
		{C41EBE00-5DA3-43BD-8A90-7B8D2D5E0406}.Debug|Any CPU.Build.0 = Debug|Any CPU
		{C41EBE00-5DA3-43BD-8A90-7B8D2D5E0406}.Debug|Any CPU.Deploy.0 = Debug|Any CPU
		{C41EBE00-5DA3-43BD-8A90-7B8D2D5E0406}.Debug|ARM.ActiveCfg = Debug|Any CPU
		{C41EBE00-5DA3-43BD-8A90-7B8D2D5E0406}.Debug|ARM.Build.0 = Debug|Any CPU
		{C41EBE00-5DA3-43BD-8A90-7B8D2D5E0406}.Debug|ARM.Deploy.0 = Debug|Any CPU
		{C41EBE00-5DA3-43BD-8A90-7B8D2D5E0406}.Debug|iPhone.ActiveCfg = Debug|Any CPU
		{C41EBE00-5DA3-43BD-8A90-7B8D2D5E0406}.Debug|iPhone.Build.0 = Debug|Any CPU
		{C41EBE00-5DA3-43BD-8A90-7B8D2D5E0406}.Debug|iPhone.Deploy.0 = Debug|Any CPU
		{C41EBE00-5DA3-43BD-8A90-7B8D2D5E0406}.Debug|iPhoneSimulator.ActiveCfg = Debug|Any CPU
		{C41EBE00-5DA3-43BD-8A90-7B8D2D5E0406}.Debug|iPhoneSimulator.Build.0 = Debug|Any CPU
		{C41EBE00-5DA3-43BD-8A90-7B8D2D5E0406}.Debug|iPhoneSimulator.Deploy.0 = Debug|Any CPU
		{C41EBE00-5DA3-43BD-8A90-7B8D2D5E0406}.Debug|x64.ActiveCfg = Debug|Any CPU
		{C41EBE00-5DA3-43BD-8A90-7B8D2D5E0406}.Debug|x64.Build.0 = Debug|Any CPU
		{C41EBE00-5DA3-43BD-8A90-7B8D2D5E0406}.Debug|x64.Deploy.0 = Debug|Any CPU
		{C41EBE00-5DA3-43BD-8A90-7B8D2D5E0406}.Debug|x86.ActiveCfg = Debug|Any CPU
		{C41EBE00-5DA3-43BD-8A90-7B8D2D5E0406}.Debug|x86.Build.0 = Debug|Any CPU
		{C41EBE00-5DA3-43BD-8A90-7B8D2D5E0406}.Debug|x86.Deploy.0 = Debug|Any CPU
		{C41EBE00-5DA3-43BD-8A90-7B8D2D5E0406}.Release|Any CPU.ActiveCfg = Release|Any CPU
		{C41EBE00-5DA3-43BD-8A90-7B8D2D5E0406}.Release|Any CPU.Build.0 = Release|Any CPU
		{C41EBE00-5DA3-43BD-8A90-7B8D2D5E0406}.Release|Any CPU.Deploy.0 = Release|Any CPU
		{C41EBE00-5DA3-43BD-8A90-7B8D2D5E0406}.Release|ARM.ActiveCfg = Release|Any CPU
		{C41EBE00-5DA3-43BD-8A90-7B8D2D5E0406}.Release|ARM.Build.0 = Release|Any CPU
		{C41EBE00-5DA3-43BD-8A90-7B8D2D5E0406}.Release|ARM.Deploy.0 = Release|Any CPU
		{C41EBE00-5DA3-43BD-8A90-7B8D2D5E0406}.Release|iPhone.ActiveCfg = Release|Any CPU
		{C41EBE00-5DA3-43BD-8A90-7B8D2D5E0406}.Release|iPhone.Build.0 = Release|Any CPU
		{C41EBE00-5DA3-43BD-8A90-7B8D2D5E0406}.Release|iPhone.Deploy.0 = Release|Any CPU
		{C41EBE00-5DA3-43BD-8A90-7B8D2D5E0406}.Release|iPhoneSimulator.ActiveCfg = Release|Any CPU
		{C41EBE00-5DA3-43BD-8A90-7B8D2D5E0406}.Release|iPhoneSimulator.Build.0 = Release|Any CPU
		{C41EBE00-5DA3-43BD-8A90-7B8D2D5E0406}.Release|iPhoneSimulator.Deploy.0 = Release|Any CPU
		{C41EBE00-5DA3-43BD-8A90-7B8D2D5E0406}.Release|x64.ActiveCfg = Release|Any CPU
		{C41EBE00-5DA3-43BD-8A90-7B8D2D5E0406}.Release|x64.Build.0 = Release|Any CPU
		{C41EBE00-5DA3-43BD-8A90-7B8D2D5E0406}.Release|x64.Deploy.0 = Release|Any CPU
		{C41EBE00-5DA3-43BD-8A90-7B8D2D5E0406}.Release|x86.ActiveCfg = Release|Any CPU
		{C41EBE00-5DA3-43BD-8A90-7B8D2D5E0406}.Release|x86.Build.0 = Release|Any CPU
		{C41EBE00-5DA3-43BD-8A90-7B8D2D5E0406}.Release|x86.Deploy.0 = Release|Any CPU
		{F3C8DDB4-FF39-458B-BED3-FD2387CC0520}.Debug|Any CPU.ActiveCfg = Debug|iPhone
		{F3C8DDB4-FF39-458B-BED3-FD2387CC0520}.Debug|ARM.ActiveCfg = Debug|iPhone
		{F3C8DDB4-FF39-458B-BED3-FD2387CC0520}.Debug|iPhone.ActiveCfg = Debug|iPhone
		{F3C8DDB4-FF39-458B-BED3-FD2387CC0520}.Debug|iPhone.Build.0 = Debug|iPhone
		{F3C8DDB4-FF39-458B-BED3-FD2387CC0520}.Debug|iPhoneSimulator.ActiveCfg = Debug|iPhoneSimulator
		{F3C8DDB4-FF39-458B-BED3-FD2387CC0520}.Debug|iPhoneSimulator.Build.0 = Debug|iPhoneSimulator
		{F3C8DDB4-FF39-458B-BED3-FD2387CC0520}.Debug|x64.ActiveCfg = Debug|iPhone
		{F3C8DDB4-FF39-458B-BED3-FD2387CC0520}.Debug|x86.ActiveCfg = Debug|iPhone
		{F3C8DDB4-FF39-458B-BED3-FD2387CC0520}.Release|Any CPU.ActiveCfg = Release|iPhone
		{F3C8DDB4-FF39-458B-BED3-FD2387CC0520}.Release|ARM.ActiveCfg = Release|iPhone
		{F3C8DDB4-FF39-458B-BED3-FD2387CC0520}.Release|iPhone.ActiveCfg = Release|iPhone
		{F3C8DDB4-FF39-458B-BED3-FD2387CC0520}.Release|iPhone.Build.0 = Release|iPhone
		{F3C8DDB4-FF39-458B-BED3-FD2387CC0520}.Release|iPhoneSimulator.ActiveCfg = Release|iPhoneSimulator
		{F3C8DDB4-FF39-458B-BED3-FD2387CC0520}.Release|iPhoneSimulator.Build.0 = Release|iPhoneSimulator
		{F3C8DDB4-FF39-458B-BED3-FD2387CC0520}.Release|x64.ActiveCfg = Release|iPhone
		{F3C8DDB4-FF39-458B-BED3-FD2387CC0520}.Release|x86.ActiveCfg = Release|iPhone
		{7EE1F7D8-907A-4F25-A6EC-8AE822BFB838}.Debug|Any CPU.ActiveCfg = Debug|x86
		{7EE1F7D8-907A-4F25-A6EC-8AE822BFB838}.Debug|Any CPU.Build.0 = Debug|x86
		{7EE1F7D8-907A-4F25-A6EC-8AE822BFB838}.Debug|Any CPU.Deploy.0 = Debug|x86
		{7EE1F7D8-907A-4F25-A6EC-8AE822BFB838}.Debug|ARM.ActiveCfg = Debug|ARM
		{7EE1F7D8-907A-4F25-A6EC-8AE822BFB838}.Debug|ARM.Build.0 = Debug|ARM
		{7EE1F7D8-907A-4F25-A6EC-8AE822BFB838}.Debug|ARM.Deploy.0 = Debug|ARM
		{7EE1F7D8-907A-4F25-A6EC-8AE822BFB838}.Debug|iPhone.ActiveCfg = Debug|x86
		{7EE1F7D8-907A-4F25-A6EC-8AE822BFB838}.Debug|iPhoneSimulator.ActiveCfg = Debug|x86
		{7EE1F7D8-907A-4F25-A6EC-8AE822BFB838}.Debug|x64.ActiveCfg = Debug|x64
		{7EE1F7D8-907A-4F25-A6EC-8AE822BFB838}.Debug|x64.Build.0 = Debug|x64
		{7EE1F7D8-907A-4F25-A6EC-8AE822BFB838}.Debug|x64.Deploy.0 = Debug|x64
		{7EE1F7D8-907A-4F25-A6EC-8AE822BFB838}.Debug|x86.ActiveCfg = Debug|x86
		{7EE1F7D8-907A-4F25-A6EC-8AE822BFB838}.Debug|x86.Build.0 = Debug|x86
		{7EE1F7D8-907A-4F25-A6EC-8AE822BFB838}.Debug|x86.Deploy.0 = Debug|x86
		{7EE1F7D8-907A-4F25-A6EC-8AE822BFB838}.Release|Any CPU.ActiveCfg = Release|x86
		{7EE1F7D8-907A-4F25-A6EC-8AE822BFB838}.Release|ARM.ActiveCfg = Release|ARM
		{7EE1F7D8-907A-4F25-A6EC-8AE822BFB838}.Release|ARM.Build.0 = Release|ARM
		{7EE1F7D8-907A-4F25-A6EC-8AE822BFB838}.Release|ARM.Deploy.0 = Release|ARM
		{7EE1F7D8-907A-4F25-A6EC-8AE822BFB838}.Release|iPhone.ActiveCfg = Release|x86
		{7EE1F7D8-907A-4F25-A6EC-8AE822BFB838}.Release|iPhoneSimulator.ActiveCfg = Release|x86
		{7EE1F7D8-907A-4F25-A6EC-8AE822BFB838}.Release|x64.ActiveCfg = Release|x64
		{7EE1F7D8-907A-4F25-A6EC-8AE822BFB838}.Release|x64.Build.0 = Release|x64
		{7EE1F7D8-907A-4F25-A6EC-8AE822BFB838}.Release|x64.Deploy.0 = Release|x64
		{7EE1F7D8-907A-4F25-A6EC-8AE822BFB838}.Release|x86.ActiveCfg = Release|x86
		{7EE1F7D8-907A-4F25-A6EC-8AE822BFB838}.Release|x86.Build.0 = Release|x86
		{7EE1F7D8-907A-4F25-A6EC-8AE822BFB838}.Release|x86.Deploy.0 = Release|x86
	EndGlobalSection
	GlobalSection(SolutionProperties) = preSolution
		HideSolutionNode = FALSE
	EndGlobalSection
	GlobalSection(ExtensibilityGlobals) = postSolution
		SolutionGuid = {1691FDF3-11E6-4CBB-B6CC-A9F9ED9BEDAB}
	EndGlobalSection
EndGlobal
