
Microsoft Visual Studio Solution File, Format Version 12.00
# Visual Studio Version 16
VisualStudioVersion = 16.0.30204.135
MinimumVisualStudioVersion = 10.0.40219.1
Project("{FAE04EC0-301F-11D3-BF4B-00C04F79EFBC}") = "EconomyGraph.UWP", "EconomyGraph\EconomyGraph.UWP\EconomyGraph.UWP.csproj", "{56646AAE-A1B4-44D3-9376-662A297274BF}"
EndProject
Project("{FAE04EC0-301F-11D3-BF4B-00C04F79EFBC}") = "EconomyGraph.Android", "EconomyGraph\EconomyGraph.Android\EconomyGraph.Android.csproj", "{83C9CFDA-3B1A-4442-9A7D-1FD5162E567F}"
EndProject
Project("{FAE04EC0-301F-11D3-BF4B-00C04F79EFBC}") = "EconomyGraph.iOS", "EconomyGraph\EconomyGraph.iOS\EconomyGraph.iOS.csproj", "{C920DFB4-E776-4E79-B6EA-CA0492509863}"
EndProject
Project("{FAE04EC0-301F-11D3-BF4B-00C04F79EFBC}") = "EconomyGraph", "EconomyGraph\EconomyGraph\EconomyGraph.csproj", "{AEFB089A-152B-4851-A2D1-EAA681ECFA6C}"
EndProject
Global
	GlobalSection(SolutionConfigurationPlatforms) = preSolution
		Debug|Any CPU = Debug|Any CPU
		Debug|ARM = Debug|ARM
		Debug|iPhone = Debug|iPhone
		Debug|iPhoneSimulator = Debug|iPhoneSimulator
		Debug|x64 = Debug|x64
		Debug|x86 = Debug|x86
		Release|Any CPU = Release|Any CPU
		Release|ARM = Release|ARM
		Release|iPhone = Release|iPhone
		Release|iPhoneSimulator = Release|iPhoneSimulator
		Release|x64 = Release|x64
		Release|x86 = Release|x86
	EndGlobalSection
	GlobalSection(ProjectConfigurationPlatforms) = postSolution
		{56646AAE-A1B4-44D3-9376-662A297274BF}.Debug|Any CPU.ActiveCfg = Debug|x86
		{56646AAE-A1B4-44D3-9376-662A297274BF}.Debug|Any CPU.Build.0 = Debug|x86
		{56646AAE-A1B4-44D3-9376-662A297274BF}.Debug|Any CPU.Deploy.0 = Debug|x86
		{56646AAE-A1B4-44D3-9376-662A297274BF}.Debug|ARM.ActiveCfg = Debug|ARM
		{56646AAE-A1B4-44D3-9376-662A297274BF}.Debug|ARM.Build.0 = Debug|ARM
		{56646AAE-A1B4-44D3-9376-662A297274BF}.Debug|ARM.Deploy.0 = Debug|ARM
		{56646AAE-A1B4-44D3-9376-662A297274BF}.Debug|iPhone.ActiveCfg = Debug|x86
		{56646AAE-A1B4-44D3-9376-662A297274BF}.Debug|iPhone.Build.0 = Debug|x86
		{56646AAE-A1B4-44D3-9376-662A297274BF}.Debug|iPhone.Deploy.0 = Debug|x86
		{56646AAE-A1B4-44D3-9376-662A297274BF}.Debug|iPhoneSimulator.ActiveCfg = Debug|x86
		{56646AAE-A1B4-44D3-9376-662A297274BF}.Debug|iPhoneSimulator.Build.0 = Debug|x86
		{56646AAE-A1B4-44D3-9376-662A297274BF}.Debug|iPhoneSimulator.Deploy.0 = Debug|x86
		{56646AAE-A1B4-44D3-9376-662A297274BF}.Debug|x64.ActiveCfg = Debug|x64
		{56646AAE-A1B4-44D3-9376-662A297274BF}.Debug|x64.Build.0 = Debug|x64
		{56646AAE-A1B4-44D3-9376-662A297274BF}.Debug|x64.Deploy.0 = Debug|x64
		{56646AAE-A1B4-44D3-9376-662A297274BF}.Debug|x86.ActiveCfg = Debug|x86
		{56646AAE-A1B4-44D3-9376-662A297274BF}.Debug|x86.Build.0 = Debug|x86
		{56646AAE-A1B4-44D3-9376-662A297274BF}.Debug|x86.Deploy.0 = Debug|x86
		{56646AAE-A1B4-44D3-9376-662A297274BF}.Release|Any CPU.ActiveCfg = Release|x86
		{56646AAE-A1B4-44D3-9376-662A297274BF}.Release|Any CPU.Build.0 = Release|x86
		{56646AAE-A1B4-44D3-9376-662A297274BF}.Release|Any CPU.Deploy.0 = Release|x86
		{56646AAE-A1B4-44D3-9376-662A297274BF}.Release|ARM.ActiveCfg = Release|ARM
		{56646AAE-A1B4-44D3-9376-662A297274BF}.Release|ARM.Build.0 = Release|ARM
		{56646AAE-A1B4-44D3-9376-662A297274BF}.Release|ARM.Deploy.0 = Release|ARM
		{56646AAE-A1B4-44D3-9376-662A297274BF}.Release|iPhone.ActiveCfg = Release|x86
		{56646AAE-A1B4-44D3-9376-662A297274BF}.Release|iPhone.Build.0 = Release|x86
		{56646AAE-A1B4-44D3-9376-662A297274BF}.Release|iPhone.Deploy.0 = Release|x86
		{56646AAE-A1B4-44D3-9376-662A297274BF}.Release|iPhoneSimulator.ActiveCfg = Release|x86
		{56646AAE-A1B4-44D3-9376-662A297274BF}.Release|iPhoneSimulator.Build.0 = Release|x86
		{56646AAE-A1B4-44D3-9376-662A297274BF}.Release|iPhoneSimulator.Deploy.0 = Release|x86
		{56646AAE-A1B4-44D3-9376-662A297274BF}.Release|x64.ActiveCfg = Release|x64
		{56646AAE-A1B4-44D3-9376-662A297274BF}.Release|x64.Build.0 = Release|x64
		{56646AAE-A1B4-44D3-9376-662A297274BF}.Release|x64.Deploy.0 = Release|x64
		{56646AAE-A1B4-44D3-9376-662A297274BF}.Release|x86.ActiveCfg = Release|x86
		{56646AAE-A1B4-44D3-9376-662A297274BF}.Release|x86.Build.0 = Release|x86
		{56646AAE-A1B4-44D3-9376-662A297274BF}.Release|x86.Deploy.0 = Release|x86
		{83C9CFDA-3B1A-4442-9A7D-1FD5162E567F}.Debug|Any CPU.ActiveCfg = Debug|Any CPU
		{83C9CFDA-3B1A-4442-9A7D-1FD5162E567F}.Debug|Any CPU.Build.0 = Debug|Any CPU
		{83C9CFDA-3B1A-4442-9A7D-1FD5162E567F}.Debug|Any CPU.Deploy.0 = Debug|Any CPU
		{83C9CFDA-3B1A-4442-9A7D-1FD5162E567F}.Debug|ARM.ActiveCfg = Debug|Any CPU
		{83C9CFDA-3B1A-4442-9A7D-1FD5162E567F}.Debug|ARM.Build.0 = Debug|Any CPU
		{83C9CFDA-3B1A-4442-9A7D-1FD5162E567F}.Debug|ARM.Deploy.0 = Debug|Any CPU
		{83C9CFDA-3B1A-4442-9A7D-1FD5162E567F}.Debug|iPhone.ActiveCfg = Debug|Any CPU
		{83C9CFDA-3B1A-4442-9A7D-1FD5162E567F}.Debug|iPhone.Build.0 = Debug|Any CPU
		{83C9CFDA-3B1A-4442-9A7D-1FD5162E567F}.Debug|iPhone.Deploy.0 = Debug|Any CPU
		{83C9CFDA-3B1A-4442-9A7D-1FD5162E567F}.Debug|iPhoneSimulator.ActiveCfg = Debug|Any CPU
		{83C9CFDA-3B1A-4442-9A7D-1FD5162E567F}.Debug|iPhoneSimulator.Build.0 = Debug|Any CPU
		{83C9CFDA-3B1A-4442-9A7D-1FD5162E567F}.Debug|iPhoneSimulator.Deploy.0 = Debug|Any CPU
		{83C9CFDA-3B1A-4442-9A7D-1FD5162E567F}.Debug|x64.ActiveCfg = Debug|Any CPU
		{83C9CFDA-3B1A-4442-9A7D-1FD5162E567F}.Debug|x64.Build.0 = Debug|Any CPU
		{83C9CFDA-3B1A-4442-9A7D-1FD5162E567F}.Debug|x64.Deploy.0 = Debug|Any CPU
		{83C9CFDA-3B1A-4442-9A7D-1FD5162E567F}.Debug|x86.ActiveCfg = Debug|Any CPU
		{83C9CFDA-3B1A-4442-9A7D-1FD5162E567F}.Debug|x86.Build.0 = Debug|Any CPU
		{83C9CFDA-3B1A-4442-9A7D-1FD5162E567F}.Debug|x86.Deploy.0 = Debug|Any CPU
		{83C9CFDA-3B1A-4442-9A7D-1FD5162E567F}.Release|Any CPU.ActiveCfg = Release|Any CPU
		{83C9CFDA-3B1A-4442-9A7D-1FD5162E567F}.Release|Any CPU.Build.0 = Release|Any CPU
		{83C9CFDA-3B1A-4442-9A7D-1FD5162E567F}.Release|Any CPU.Deploy.0 = Release|Any CPU
		{83C9CFDA-3B1A-4442-9A7D-1FD5162E567F}.Release|ARM.ActiveCfg = Release|Any CPU
		{83C9CFDA-3B1A-4442-9A7D-1FD5162E567F}.Release|ARM.Build.0 = Release|Any CPU
		{83C9CFDA-3B1A-4442-9A7D-1FD5162E567F}.Release|ARM.Deploy.0 = Release|Any CPU
		{83C9CFDA-3B1A-4442-9A7D-1FD5162E567F}.Release|iPhone.ActiveCfg = Release|Any CPU
		{83C9CFDA-3B1A-4442-9A7D-1FD5162E567F}.Release|iPhone.Build.0 = Release|Any CPU
		{83C9CFDA-3B1A-4442-9A7D-1FD5162E567F}.Release|iPhone.Deploy.0 = Release|Any CPU
		{83C9CFDA-3B1A-4442-9A7D-1FD5162E567F}.Release|iPhoneSimulator.ActiveCfg = Release|Any CPU
		{83C9CFDA-3B1A-4442-9A7D-1FD5162E567F}.Release|iPhoneSimulator.Build.0 = Release|Any CPU
		{83C9CFDA-3B1A-4442-9A7D-1FD5162E567F}.Release|iPhoneSimulator.Deploy.0 = Release|Any CPU
		{83C9CFDA-3B1A-4442-9A7D-1FD5162E567F}.Release|x64.ActiveCfg = Release|Any CPU
		{83C9CFDA-3B1A-4442-9A7D-1FD5162E567F}.Release|x64.Build.0 = Release|Any CPU
		{83C9CFDA-3B1A-4442-9A7D-1FD5162E567F}.Release|x64.Deploy.0 = Release|Any CPU
		{83C9CFDA-3B1A-4442-9A7D-1FD5162E567F}.Release|x86.ActiveCfg = Release|Any CPU
		{83C9CFDA-3B1A-4442-9A7D-1FD5162E567F}.Release|x86.Build.0 = Release|Any CPU
		{83C9CFDA-3B1A-4442-9A7D-1FD5162E567F}.Release|x86.Deploy.0 = Release|Any CPU
		{C920DFB4-E776-4E79-B6EA-CA0492509863}.Debug|Any CPU.ActiveCfg = Debug|iPhone
		{C920DFB4-E776-4E79-B6EA-CA0492509863}.Debug|Any CPU.Build.0 = Debug|iPhone
		{C920DFB4-E776-4E79-B6EA-CA0492509863}.Debug|Any CPU.Deploy.0 = Debug|iPhone
		{C920DFB4-E776-4E79-B6EA-CA0492509863}.Debug|ARM.ActiveCfg = Debug|iPhone
		{C920DFB4-E776-4E79-B6EA-CA0492509863}.Debug|ARM.Build.0 = Debug|iPhone
		{C920DFB4-E776-4E79-B6EA-CA0492509863}.Debug|ARM.Deploy.0 = Debug|iPhone
		{C920DFB4-E776-4E79-B6EA-CA0492509863}.Debug|iPhone.ActiveCfg = Debug|iPhone
		{C920DFB4-E776-4E79-B6EA-CA0492509863}.Debug|iPhone.Build.0 = Debug|iPhone
		{C920DFB4-E776-4E79-B6EA-CA0492509863}.Debug|iPhone.Deploy.0 = Debug|iPhone
		{C920DFB4-E776-4E79-B6EA-CA0492509863}.Debug|iPhoneSimulator.ActiveCfg = Debug|iPhoneSimulator
		{C920DFB4-E776-4E79-B6EA-CA0492509863}.Debug|iPhoneSimulator.Build.0 = Debug|iPhoneSimulator
		{C920DFB4-E776-4E79-B6EA-CA0492509863}.Debug|iPhoneSimulator.Deploy.0 = Debug|iPhoneSimulator
		{C920DFB4-E776-4E79-B6EA-CA0492509863}.Debug|x64.ActiveCfg = Debug|iPhone
		{C920DFB4-E776-4E79-B6EA-CA0492509863}.Debug|x64.Build.0 = Debug|iPhone
		{C920DFB4-E776-4E79-B6EA-CA0492509863}.Debug|x64.Deploy.0 = Debug|iPhone
		{C920DFB4-E776-4E79-B6EA-CA0492509863}.Debug|x86.ActiveCfg = Debug|iPhone
		{C920DFB4-E776-4E79-B6EA-CA0492509863}.Debug|x86.Build.0 = Debug|iPhone
		{C920DFB4-E776-4E79-B6EA-CA0492509863}.Debug|x86.Deploy.0 = Debug|iPhone
		{C920DFB4-E776-4E79-B6EA-CA0492509863}.Release|Any CPU.ActiveCfg = Release|iPhone
		{C920DFB4-E776-4E79-B6EA-CA0492509863}.Release|Any CPU.Build.0 = Release|iPhone
		{C920DFB4-E776-4E79-B6EA-CA0492509863}.Release|Any CPU.Deploy.0 = Release|iPhone
		{C920DFB4-E776-4E79-B6EA-CA0492509863}.Release|ARM.ActiveCfg = Release|iPhone
		{C920DFB4-E776-4E79-B6EA-CA0492509863}.Release|ARM.Build.0 = Release|iPhone
		{C920DFB4-E776-4E79-B6EA-CA0492509863}.Release|ARM.Deploy.0 = Release|iPhone
		{C920DFB4-E776-4E79-B6EA-CA0492509863}.Release|iPhone.ActiveCfg = Release|iPhone
		{C920DFB4-E776-4E79-B6EA-CA0492509863}.Release|iPhone.Build.0 = Release|iPhone
		{C920DFB4-E776-4E79-B6EA-CA0492509863}.Release|iPhone.Deploy.0 = Release|iPhone
		{C920DFB4-E776-4E79-B6EA-CA0492509863}.Release|iPhoneSimulator.ActiveCfg = Release|iPhoneSimulator
		{C920DFB4-E776-4E79-B6EA-CA0492509863}.Release|iPhoneSimulator.Build.0 = Release|iPhoneSimulator
		{C920DFB4-E776-4E79-B6EA-CA0492509863}.Release|iPhoneSimulator.Deploy.0 = Release|iPhoneSimulator
		{C920DFB4-E776-4E79-B6EA-CA0492509863}.Release|x64.ActiveCfg = Release|iPhone
		{C920DFB4-E776-4E79-B6EA-CA0492509863}.Release|x64.Build.0 = Release|iPhone
		{C920DFB4-E776-4E79-B6EA-CA0492509863}.Release|x64.Deploy.0 = Release|iPhone
		{C920DFB4-E776-4E79-B6EA-CA0492509863}.Release|x86.ActiveCfg = Release|iPhone
		{C920DFB4-E776-4E79-B6EA-CA0492509863}.Release|x86.Build.0 = Release|iPhone
		{C920DFB4-E776-4E79-B6EA-CA0492509863}.Release|x86.Deploy.0 = Release|iPhone
		{AEFB089A-152B-4851-A2D1-EAA681ECFA6C}.Debug|Any CPU.ActiveCfg = Debug|Any CPU
		{AEFB089A-152B-4851-A2D1-EAA681ECFA6C}.Debug|Any CPU.Build.0 = Debug|Any CPU
		{AEFB089A-152B-4851-A2D1-EAA681ECFA6C}.Debug|Any CPU.Deploy.0 = Debug|Any CPU
		{AEFB089A-152B-4851-A2D1-EAA681ECFA6C}.Debug|ARM.ActiveCfg = Debug|Any CPU
		{AEFB089A-152B-4851-A2D1-EAA681ECFA6C}.Debug|ARM.Build.0 = Debug|Any CPU
		{AEFB089A-152B-4851-A2D1-EAA681ECFA6C}.Debug|ARM.Deploy.0 = Debug|Any CPU
		{AEFB089A-152B-4851-A2D1-EAA681ECFA6C}.Debug|iPhone.ActiveCfg = Debug|Any CPU
		{AEFB089A-152B-4851-A2D1-EAA681ECFA6C}.Debug|iPhone.Build.0 = Debug|Any CPU
		{AEFB089A-152B-4851-A2D1-EAA681ECFA6C}.Debug|iPhone.Deploy.0 = Debug|Any CPU
		{AEFB089A-152B-4851-A2D1-EAA681ECFA6C}.Debug|iPhoneSimulator.ActiveCfg = Debug|Any CPU
		{AEFB089A-152B-4851-A2D1-EAA681ECFA6C}.Debug|iPhoneSimulator.Build.0 = Debug|Any CPU
		{AEFB089A-152B-4851-A2D1-EAA681ECFA6C}.Debug|iPhoneSimulator.Deploy.0 = Debug|Any CPU
		{AEFB089A-152B-4851-A2D1-EAA681ECFA6C}.Debug|x64.ActiveCfg = Debug|Any CPU
		{AEFB089A-152B-4851-A2D1-EAA681ECFA6C}.Debug|x64.Build.0 = Debug|Any CPU
		{AEFB089A-152B-4851-A2D1-EAA681ECFA6C}.Debug|x64.Deploy.0 = Debug|Any CPU
		{AEFB089A-152B-4851-A2D1-EAA681ECFA6C}.Debug|x86.ActiveCfg = Debug|Any CPU
		{AEFB089A-152B-4851-A2D1-EAA681ECFA6C}.Debug|x86.Build.0 = Debug|Any CPU
		{AEFB089A-152B-4851-A2D1-EAA681ECFA6C}.Debug|x86.Deploy.0 = Debug|Any CPU
		{AEFB089A-152B-4851-A2D1-EAA681ECFA6C}.Release|Any CPU.ActiveCfg = Release|Any CPU
		{AEFB089A-152B-4851-A2D1-EAA681ECFA6C}.Release|Any CPU.Build.0 = Release|Any CPU
		{AEFB089A-152B-4851-A2D1-EAA681ECFA6C}.Release|Any CPU.Deploy.0 = Release|Any CPU
		{AEFB089A-152B-4851-A2D1-EAA681ECFA6C}.Release|ARM.ActiveCfg = Release|Any CPU
		{AEFB089A-152B-4851-A2D1-EAA681ECFA6C}.Release|ARM.Build.0 = Release|Any CPU
		{AEFB089A-152B-4851-A2D1-EAA681ECFA6C}.Release|ARM.Deploy.0 = Release|Any CPU
		{AEFB089A-152B-4851-A2D1-EAA681ECFA6C}.Release|iPhone.ActiveCfg = Release|Any CPU
		{AEFB089A-152B-4851-A2D1-EAA681ECFA6C}.Release|iPhone.Build.0 = Release|Any CPU
		{AEFB089A-152B-4851-A2D1-EAA681ECFA6C}.Release|iPhone.Deploy.0 = Release|Any CPU
		{AEFB089A-152B-4851-A2D1-EAA681ECFA6C}.Release|iPhoneSimulator.ActiveCfg = Release|Any CPU
		{AEFB089A-152B-4851-A2D1-EAA681ECFA6C}.Release|iPhoneSimulator.Build.0 = Release|Any CPU
		{AEFB089A-152B-4851-A2D1-EAA681ECFA6C}.Release|iPhoneSimulator.Deploy.0 = Release|Any CPU
		{AEFB089A-152B-4851-A2D1-EAA681ECFA6C}.Release|x64.ActiveCfg = Release|Any CPU
		{AEFB089A-152B-4851-A2D1-EAA681ECFA6C}.Release|x64.Build.0 = Release|Any CPU
		{AEFB089A-152B-4851-A2D1-EAA681ECFA6C}.Release|x64.Deploy.0 = Release|Any CPU
		{AEFB089A-152B-4851-A2D1-EAA681ECFA6C}.Release|x86.ActiveCfg = Release|Any CPU
		{AEFB089A-152B-4851-A2D1-EAA681ECFA6C}.Release|x86.Build.0 = Release|Any CPU
		{AEFB089A-152B-4851-A2D1-EAA681ECFA6C}.Release|x86.Deploy.0 = Release|Any CPU
	EndGlobalSection
	GlobalSection(SolutionProperties) = preSolution
		HideSolutionNode = FALSE
	EndGlobalSection
	GlobalSection(ExtensibilityGlobals) = postSolution
		SolutionGuid = {1691FDF3-11E6-4CBB-B6CC-A9F9ED9BEDAB}
	EndGlobalSection
EndGlobal
